{
  "object": {
    "pins": [
      {
        "package": "StickyUtilities",
        "repositoryURL": "https://github.com/tonystone/sticky-utilities.git",
        "state": {
          "branch": "master",
          "revision": "d0a4a4ff998f5256b68e062499751475725ee77c",
          "version": null
        }
      }
    ]
  },
  "version": 1
}
